{
  "version": "2",
  "remote": {
    "https://esm.sh/preact@10.15.1/jsx-runtime": "3de35150533e8fab80c2e5acc0e5a09efa8488557c2307e221d31d25d85c2754",
    "https://esm.sh/stable/preact@10.15.1/deno/jsx-runtime.js": "a928c89a68606cb31d5b4516535310084f593e7ba34fd71fe61d0bca610b0547",
    "https://esm.sh/stable/preact@10.15.1/deno/preact.mjs": "be338d88b534f38e846474c5d981f65a35f1ae031bbba11aa3681c501c73134d",
    "https://esm.sh/v118/preact@10.15.1/jsx-runtime/src/index.d.ts": "e153460ed2b3fe2ad8b93696ecd48fbf73cd628b0b0ea6692b71804a3af69dfd",
    "https://esm.sh/v118/preact@10.15.1/src/index.d.ts": "fa83186a4b6caca36d52ca2d49b481c3ca5460988d4a8388d44dadc28987fb27",
    "https://esm.sh/v118/preact@10.15.1/src/jsx.d.ts": "a6e4b7e4af3b959f8cfd41a0f475c547807ebcec8524d9605ab5c6de79f302fa",
    "https://esm.sh/v124/*preact-render-to-string@6.0.3": "24e8f29ca4ed9b8bdae78bb541fb790a7931d80b8f04882ef15281d9c0b7ce3f",
    "https://esm.sh/v124/preact-render-to-string@6.0.3/X-ZS8q/deno/preact-render-to-string.mjs": "c2533e3a3402ac2948845a506cba1731bf1c3b56b008a22c39a88850c5fabe85",
    "https://esm.sh/v124/preact-render-to-string@6.0.3/X-ZS8q/src/index.d.ts": "b8fafa9f8ae9069eff148da320ed56acd5c3c95112c5e03d4796e15ac76b974c",
    "https://esm.sh/v124/preact@10.15.1": "f76e241b0e3448a470b022592bed089a1616fd7e778fedabd1fbde722f7d2466",
    "https://raw.githubusercontent.com/agorushkin/http-server/master/lib/constants.ts": "0c8b4a7b49836f62ae2577829113e4d5eec25936fd5ea44a57206460fa6aeb93",
    "https://raw.githubusercontent.com/agorushkin/http-server/master/lib/event.ts": "487516156e0f33bd1fc7f22522b29b309dee429f5866f0d819900fcecc5956f8",
    "https://raw.githubusercontent.com/agorushkin/http-server/master/lib/listen.ts": "73679196e500494aae6bf0b495389a3aad9ae61cbe409f64115fb25596ed2b00",
    "https://raw.githubusercontent.com/agorushkin/http-server/master/lib/server.ts": "977281f44a46394b085815ee977be0b5d8995997ffcd6f9abd2e7a7eaa842f5b",
    "https://raw.githubusercontent.com/agorushkin/http-server/master/lib/utils.ts": "6adad557c3baed2cbce8ad52c50991b373c9ffcd2962bc9f389707d45f163328",
    "https://raw.githubusercontent.com/agorushkin/http-server/master/mod.ts": "d82effc34d55cc54f2dc7230f47e0654d6b375cbb2a8bb2ad6410118fb2fc5a3"
  }
}
